
Microsoft Visual Studio Solution File, Format Version 12.00
# Visual Studio 15
VisualStudioVersion = 15.0.28307.1209
MinimumVisualStudioVersion = 10.0.40219.1
Project("{888888A0-9F3D-457C-B088-3A5042F75D52}") = "Practica", "Practica\Practica.pyproj", "{1A2AC1A9-376D-4E4E-A2ED-5C97AB65C315}"
EndProject
Global
	GlobalSection(SolutionConfigurationPlatforms) = preSolution
		Debug|Any CPU = Debug|Any CPU
		Release|Any CPU = Release|Any CPU
	EndGlobalSection
	GlobalSection(ProjectConfigurationPlatforms) = postSolution
		{1A2AC1A9-376D-4E4E-A2ED-5C97AB65C315}.Debug|Any CPU.ActiveCfg = Debug|Any CPU
		{1A2AC1A9-376D-4E4E-A2ED-5C97AB65C315}.Release|Any CPU.ActiveCfg = Release|Any CPU
	EndGlobalSection
	GlobalSection(SolutionProperties) = preSolution
		HideSolutionNode = FALSE
	EndGlobalSection
	GlobalSection(ExtensibilityGlobals) = postSolution
		SolutionGuid = {C48352E4-EFE3-427C-A013-F265D6D1E59C}
	EndGlobalSection
EndGlobal
